# THIS IS AN AUTOGENERATED FILE. DO NOT EDIT THIS FILE DIRECTLY.
# yarn lockfile v1


bobril-flexbox-grid@*:
  version "1.0.1"
  resolved "https://registry.yarnpkg.com/bobril-flexbox-grid/-/bobril-flexbox-grid-1.0.1.tgz#e58601d4f14afdb321bf44c3478dc61c7f3eeb71"
  integrity sha512-bz5XOt2iuQle783Tfql49Hj3ezIyH1M2foxKAnlXUv0wyWToYQadY8zEEIT0P4tVnF8Ed5kSltCQMjShHC1p0g==
  dependencies:
    bobril "*"

bobril-g11n@*:
  version "5.0.4"
  resolved "https://registry.yarnpkg.com/bobril-g11n/-/bobril-g11n-5.0.4.tgz#4ed9789a67a2453927dfd268b3239d93fb22afce"
  integrity sha512-y8Fw7Y4dNCHCtvapKmEPmgq1/owyeXHQecdk1TyV0tOOYjYLPdGGKBMvqAaq0TJ/i3pfB9xh1YlvGALJ/zl1GQ==
  dependencies:
    bobril "*"
    moment "^2.10.6"

bobril-m-icons@*:
  version "2.1.0"
  resolved "https://registry.yarnpkg.com/bobril-m-icons/-/bobril-m-icons-2.1.0.tgz#32f81d515a7faf71f857a2ed1b637ec566f4161f"
  integrity sha512-UZijK0S11hiLTNLBUtgqocePzJWcD2w34EJklHlacJrX2peY/i+ofICz9oGtVQnh2uPE+E7SbZKvyWB0ICb0Aw==
  dependencies:
    bobril "*"

bobril-m@*:
  version "0.16.1"
  resolved "https://registry.yarnpkg.com/bobril-m/-/bobril-m-0.16.1.tgz#42d7854c2cdd6083410f9527c87e495f546dd9be"
  integrity sha512-wN19WrvZj+yt5E00jilRUBuyt1jqorYavyYGN6Bmh/oaEbWTe+W7UJSiZjs0f3WU+1aHeoenXkXmR7fyvRgjUg==
  dependencies:
    bobril "*"
    bobril-m-icons "*"

bobril@*:
  version "20.4.0"
  resolved "https://registry.yarnpkg.com/bobril/-/bobril-20.4.0.tgz#2808af926a704310dd1c99ab1b0062cc05c4e667"
  integrity sha512-VdEo6bQNF/6OtHbBKgE6RrH+zLa0ycBBFMbN4Yl1ga1za22OJ8/ZBTSH0hIiqAGtVYbgJfwi/V5gHy6ptHpypA==

fun-model@7.*:
  version "7.0.1"
  resolved "https://registry.yarnpkg.com/fun-model/-/fun-model-7.0.1.tgz#dea0ff4ac6d6cf90ca46a9716e46d9efa4eab651"
  integrity sha512-1/M0RDuCKtGNI8Es5jLva/hSNW9rVkyoCij2hSG9MoxaoIAXKXJbitMfJQ+mdeN0W4ZQlrZWdfXVXDTGf5cemQ==

moment@^2.10.6:
  version "2.29.4"
  resolved "https://registry.yarnpkg.com/moment/-/moment-2.29.4.tgz#3dbe052889fe7c1b2ed966fcb3a77328964ef108"
  integrity sha512-5LC9SOxjSc2HF6vO2CyuTDNivEdoz2IvyJJGj6X8DJ0eFyfszE0QiEd+iXmBvUP3WHxSjFH/vIsA0EN00cgr8w==
